
Microsoft Visual Studio Solution File, Format Version 12.00
# Visual Studio Version 16
VisualStudioVersion = 16.0.31702.278
MinimumVisualStudioVersion = 10.0.40219.1
Project("{FAE04EC0-301F-11D3-BF4B-00C04F79EFBC}") = "UserMaintenance", "UserMaintenance\UserMaintenance.csproj", "{76978192-C82A-42C1-9E00-91B7BB1A4267}"
EndProject
Global
	GlobalSection(SolutionConfigurationPlatforms) = preSolution
		Debug|Any CPU = Debug|Any CPU
		Release|Any CPU = Release|Any CPU
	EndGlobalSection
	GlobalSection(ProjectConfigurationPlatforms) = postSolution
		{76978192-C82A-42C1-9E00-91B7BB1A4267}.Debug|Any CPU.ActiveCfg = Debug|Any CPU
		{76978192-C82A-42C1-9E00-91B7BB1A4267}.Debug|Any CPU.Build.0 = Debug|Any CPU
		{76978192-C82A-42C1-9E00-91B7BB1A4267}.Release|Any CPU.ActiveCfg = Release|Any CPU
		{76978192-C82A-42C1-9E00-91B7BB1A4267}.Release|Any CPU.Build.0 = Release|Any CPU
	EndGlobalSection
	GlobalSection(SolutionProperties) = preSolution
		HideSolutionNode = FALSE
	EndGlobalSection
	GlobalSection(ExtensibilityGlobals) = postSolution
		SolutionGuid = {99FBD8DD-31E3-41FA-B0A8-40E0EF118B38}
	EndGlobalSection
EndGlobal
